
Microsoft Visual Studio Solution File, Format Version 12.00
# Visual Studio Version 17
VisualStudioVersion = 17.1.32328.378
MinimumVisualStudioVersion = 10.0.40219.1
Project("{FAE04EC0-301F-11D3-BF4B-00C04F79EFBC}") = "Schrage_Algorithm", "Schrage_Algoritm\Schrage_Algorithm.csproj", "{DB17AE0D-B006-438B-9ACC-E24B41A12C4B}"
EndProject
Global
	GlobalSection(SolutionConfigurationPlatforms) = preSolution
		Debug|Any CPU = Debug|Any CPU
		Release|Any CPU = Release|Any CPU
	EndGlobalSection
	GlobalSection(ProjectConfigurationPlatforms) = postSolution
		{DB17AE0D-B006-438B-9ACC-E24B41A12C4B}.Debug|Any CPU.ActiveCfg = Debug|Any CPU
		{DB17AE0D-B006-438B-9ACC-E24B41A12C4B}.Debug|Any CPU.Build.0 = Debug|Any CPU
		{DB17AE0D-B006-438B-9ACC-E24B41A12C4B}.Release|Any CPU.ActiveCfg = Release|Any CPU
		{DB17AE0D-B006-438B-9ACC-E24B41A12C4B}.Release|Any CPU.Build.0 = Release|Any CPU
	EndGlobalSection
	GlobalSection(SolutionProperties) = preSolution
		HideSolutionNode = FALSE
	EndGlobalSection
	GlobalSection(ExtensibilityGlobals) = postSolution
		SolutionGuid = {600C760D-8301-4B5D-AF2F-5C1D24E50B26}
	EndGlobalSection
EndGlobal
